
Microsoft Visual Studio Solution File, Format Version 12.00
# Visual Studio Version 16
VisualStudioVersion = 16.0.29613.14
MinimumVisualStudioVersion = 10.0.40219.1
Project("{FAE04EC0-301F-11D3-BF4B-00C04F79EFBC}") = "CSharpStarter", "CSharpStarter\CSharpStarter.csproj", "{1732B155-F74A-4609-911B-E600BF2D4D29}"
EndProject
Global
	GlobalSection(SolutionConfigurationPlatforms) = preSolution
		Debug|Any CPU = Debug|Any CPU
		Release|Any CPU = Release|Any CPU
	EndGlobalSection
	GlobalSection(ProjectConfigurationPlatforms) = postSolution
		{1732B155-F74A-4609-911B-E600BF2D4D29}.Debug|Any CPU.ActiveCfg = Debug|Any CPU
		{1732B155-F74A-4609-911B-E600BF2D4D29}.Debug|Any CPU.Build.0 = Debug|Any CPU
		{1732B155-F74A-4609-911B-E600BF2D4D29}.Release|Any CPU.ActiveCfg = Release|Any CPU
		{1732B155-F74A-4609-911B-E600BF2D4D29}.Release|Any CPU.Build.0 = Release|Any CPU
	EndGlobalSection
	GlobalSection(SolutionProperties) = preSolution
		HideSolutionNode = FALSE
	EndGlobalSection
	GlobalSection(ExtensibilityGlobals) = postSolution
		SolutionGuid = {28BB21E5-89B1-4032-9E65-06B142EC542E}
	EndGlobalSection
EndGlobal
